<?xml version="1.0" encoding="utf-8"?>
<Project ToolsVersion="4.0" xmlns="http://schemas.microsoft.com/developer/msbuild/2003">
  <ItemGroup>
    <ClCompile Include="..\main.cpp" />
    <ClCompile Include="bomb.cpp" />
    <ClCompile Include="jugador.cpp" />
    <ClCompile Include="mapa.cpp" />
    <ClCompile Include="mathVector.cpp" />
    <ClCompile Include="renderUtils.cpp" />
    <ClCompile Include="shapes.cpp" />
    <ClCompile Include="util.cpp" />
    <ClCompile Include="enemigo.cpp" />
  </ItemGroup>
  <ItemGroup>
    <ClInclude Include="bomb.h" />
    <ClInclude Include="jugador.h" />
    <ClInclude Include="mapa.h" />
    <ClInclude Include="mathVector.h" />
    <ClInclude Include="renderUtils.h" />
    <ClInclude Include="shapes.h" />
    <ClInclude Include="util.h" />
    <ClInclude Include="enemigo.h" />
  </ItemGroup>
</Project>